
Microsoft Visual Studio Solution File, Format Version 12.00
Project("{FAE04EC0-301F-11D3-BF4B-00C04F79EFBC}") = "DevQuestions.Domain", "src\DevQuestions.Domain\DevQuestions.Domain.csproj", "{F8CE3888-AFA5-411A-B96A-19CF6E1DE65C}"
EndProject
Project("{2150E333-8FDC-42A3-9474-1A3956D46DE8}") = "src", "src", "{36B14BB0-9F52-4C55-BC0B-AAA6F22C410A}"
EndProject
Project("{FAE04EC0-301F-11D3-BF4B-00C04F79EFBC}") = "DevQuestions.Web", "src\DevQuestions.Web\DevQuestions.Web.csproj", "{840D8FD4-8D52-406A-9EBA-B0B7A8F91564}"
EndProject
Project("{FAE04EC0-301F-11D3-BF4B-00C04F79EFBC}") = "DevQuestions.Presenters", "src\DevQuestions.Presenters\DevQuestions.Presenters.csproj", "{B3D0E15E-0DE8-4084-9F1A-5EAAA7CC3296}"
EndProject
Project("{2150E333-8FDC-42A3-9474-1A3956D46DE8}") = "SolutionItem", "SolutionItem", "{EEAF5E5D-694D-4151-8068-A4990C3216ED}"
	ProjectSection(SolutionItems) = preProject
		Directory.Build.props = Directory.Build.props
		.editorconfig = .editorconfig
	EndProjectSection
EndProject
Project("{FAE04EC0-301F-11D3-BF4B-00C04F79EFBC}") = "DevQuestions.Contracts", "src\DevQuestions.Contracts\DevQuestions.Contracts.csproj", "{6D6298E4-D9CC-4AFA-AE40-F10885540389}"
EndProject
Project("{FAE04EC0-301F-11D3-BF4B-00C04F79EFBC}") = "DevQuestions.Application", "src\DevQuestions.Application\DevQuestions.Application.csproj", "{8158B045-A84A-4152-BAA1-B50A7517BBE6}"
EndProject
Project("{FAE04EC0-301F-11D3-BF4B-00C04F79EFBC}") = "DevQuestions.Infrastructure.PostgreSql", "src\DevQuestions.Infrastructure.PostgreSql\DevQuestions.Infrastructure.PostgreSql.csproj", "{3A4A16AC-C04E-4A32-9518-608BA30B3EE5}"
EndProject
Project("{FAE04EC0-301F-11D3-BF4B-00C04F79EFBC}") = "DevQuestions.Infrastucture.ElasticSearch", "src\DevQuestions.Infrastucture.ElasticSearch\DevQuestions.Infrastucture.ElasticSearch.csproj", "{43779AFD-6B12-4FBA-80F3-B726FE10578E}"
EndProject
Project("{FAE04EC0-301F-11D3-BF4B-00C04F79EFBC}") = "DevQuestion.Infrastructure.S3", "src\DevQuestion.Infrastructure.S3\DevQuestion.Infrastructure.S3.csproj", "{4DCA30D2-CBF1-4C57-B8A9-44AB47A80AC9}"
EndProject
Project("{FAE04EC0-301F-11D3-BF4B-00C04F79EFBC}") = "Shared", "src\Shared\Shared.csproj", "{F3E3C688-8F8E-4F96-8782-3F0F773F1D95}"
EndProject
Global
	GlobalSection(SolutionConfigurationPlatforms) = preSolution
		Debug|Any CPU = Debug|Any CPU
		Release|Any CPU = Release|Any CPU
	EndGlobalSection
	GlobalSection(ProjectConfigurationPlatforms) = postSolution
		{F8CE3888-AFA5-411A-B96A-19CF6E1DE65C}.Debug|Any CPU.ActiveCfg = Debug|Any CPU
		{F8CE3888-AFA5-411A-B96A-19CF6E1DE65C}.Debug|Any CPU.Build.0 = Debug|Any CPU
		{F8CE3888-AFA5-411A-B96A-19CF6E1DE65C}.Release|Any CPU.ActiveCfg = Release|Any CPU
		{F8CE3888-AFA5-411A-B96A-19CF6E1DE65C}.Release|Any CPU.Build.0 = Release|Any CPU
		{840D8FD4-8D52-406A-9EBA-B0B7A8F91564}.Debug|Any CPU.ActiveCfg = Debug|Any CPU
		{840D8FD4-8D52-406A-9EBA-B0B7A8F91564}.Debug|Any CPU.Build.0 = Debug|Any CPU
		{840D8FD4-8D52-406A-9EBA-B0B7A8F91564}.Release|Any CPU.ActiveCfg = Release|Any CPU
		{840D8FD4-8D52-406A-9EBA-B0B7A8F91564}.Release|Any CPU.Build.0 = Release|Any CPU
		{B3D0E15E-0DE8-4084-9F1A-5EAAA7CC3296}.Debug|Any CPU.ActiveCfg = Debug|Any CPU
		{B3D0E15E-0DE8-4084-9F1A-5EAAA7CC3296}.Debug|Any CPU.Build.0 = Debug|Any CPU
		{B3D0E15E-0DE8-4084-9F1A-5EAAA7CC3296}.Release|Any CPU.ActiveCfg = Release|Any CPU
		{B3D0E15E-0DE8-4084-9F1A-5EAAA7CC3296}.Release|Any CPU.Build.0 = Release|Any CPU
		{6D6298E4-D9CC-4AFA-AE40-F10885540389}.Debug|Any CPU.ActiveCfg = Debug|Any CPU
		{6D6298E4-D9CC-4AFA-AE40-F10885540389}.Debug|Any CPU.Build.0 = Debug|Any CPU
		{6D6298E4-D9CC-4AFA-AE40-F10885540389}.Release|Any CPU.ActiveCfg = Release|Any CPU
		{6D6298E4-D9CC-4AFA-AE40-F10885540389}.Release|Any CPU.Build.0 = Release|Any CPU
		{8158B045-A84A-4152-BAA1-B50A7517BBE6}.Debug|Any CPU.ActiveCfg = Debug|Any CPU
		{8158B045-A84A-4152-BAA1-B50A7517BBE6}.Debug|Any CPU.Build.0 = Debug|Any CPU
		{8158B045-A84A-4152-BAA1-B50A7517BBE6}.Release|Any CPU.ActiveCfg = Release|Any CPU
		{8158B045-A84A-4152-BAA1-B50A7517BBE6}.Release|Any CPU.Build.0 = Release|Any CPU
		{3A4A16AC-C04E-4A32-9518-608BA30B3EE5}.Debug|Any CPU.ActiveCfg = Debug|Any CPU
		{3A4A16AC-C04E-4A32-9518-608BA30B3EE5}.Debug|Any CPU.Build.0 = Debug|Any CPU
		{3A4A16AC-C04E-4A32-9518-608BA30B3EE5}.Release|Any CPU.ActiveCfg = Release|Any CPU
		{3A4A16AC-C04E-4A32-9518-608BA30B3EE5}.Release|Any CPU.Build.0 = Release|Any CPU
		{43779AFD-6B12-4FBA-80F3-B726FE10578E}.Debug|Any CPU.ActiveCfg = Debug|Any CPU
		{43779AFD-6B12-4FBA-80F3-B726FE10578E}.Debug|Any CPU.Build.0 = Debug|Any CPU
		{43779AFD-6B12-4FBA-80F3-B726FE10578E}.Release|Any CPU.ActiveCfg = Release|Any CPU
		{43779AFD-6B12-4FBA-80F3-B726FE10578E}.Release|Any CPU.Build.0 = Release|Any CPU
		{4DCA30D2-CBF1-4C57-B8A9-44AB47A80AC9}.Debug|Any CPU.ActiveCfg = Debug|Any CPU
		{4DCA30D2-CBF1-4C57-B8A9-44AB47A80AC9}.Debug|Any CPU.Build.0 = Debug|Any CPU
		{4DCA30D2-CBF1-4C57-B8A9-44AB47A80AC9}.Release|Any CPU.ActiveCfg = Release|Any CPU
		{4DCA30D2-CBF1-4C57-B8A9-44AB47A80AC9}.Release|Any CPU.Build.0 = Release|Any CPU
		{F3E3C688-8F8E-4F96-8782-3F0F773F1D95}.Debug|Any CPU.ActiveCfg = Debug|Any CPU
		{F3E3C688-8F8E-4F96-8782-3F0F773F1D95}.Debug|Any CPU.Build.0 = Debug|Any CPU
		{F3E3C688-8F8E-4F96-8782-3F0F773F1D95}.Release|Any CPU.ActiveCfg = Release|Any CPU
		{F3E3C688-8F8E-4F96-8782-3F0F773F1D95}.Release|Any CPU.Build.0 = Release|Any CPU
	EndGlobalSection
	GlobalSection(NestedProjects) = preSolution
		{F8CE3888-AFA5-411A-B96A-19CF6E1DE65C} = {36B14BB0-9F52-4C55-BC0B-AAA6F22C410A}
		{840D8FD4-8D52-406A-9EBA-B0B7A8F91564} = {36B14BB0-9F52-4C55-BC0B-AAA6F22C410A}
		{B3D0E15E-0DE8-4084-9F1A-5EAAA7CC3296} = {36B14BB0-9F52-4C55-BC0B-AAA6F22C410A}
		{6D6298E4-D9CC-4AFA-AE40-F10885540389} = {36B14BB0-9F52-4C55-BC0B-AAA6F22C410A}
		{8158B045-A84A-4152-BAA1-B50A7517BBE6} = {36B14BB0-9F52-4C55-BC0B-AAA6F22C410A}
		{3A4A16AC-C04E-4A32-9518-608BA30B3EE5} = {36B14BB0-9F52-4C55-BC0B-AAA6F22C410A}
		{43779AFD-6B12-4FBA-80F3-B726FE10578E} = {36B14BB0-9F52-4C55-BC0B-AAA6F22C410A}
		{4DCA30D2-CBF1-4C57-B8A9-44AB47A80AC9} = {36B14BB0-9F52-4C55-BC0B-AAA6F22C410A}
		{F3E3C688-8F8E-4F96-8782-3F0F773F1D95} = {36B14BB0-9F52-4C55-BC0B-AAA6F22C410A}
	EndGlobalSection
EndGlobal
